
Microsoft Visual Studio Solution File, Format Version 12.00
# Visual Studio Version 17
VisualStudioVersion = 17.0.32126.317
MinimumVisualStudioVersion = 10.0.40219.1
Project("{9A19103F-16F7-4668-BE54-9A1E7A4F7556}") = "TangyWeb_Server", "TangyWeb_Server\TangyWeb_Server.csproj", "{298822D9-8B90-4EBE-813F-E34BA19F350B}"
EndProject
Project("{9A19103F-16F7-4668-BE54-9A1E7A4F7556}") = "TangyWeb_Client", "TangyWeb_Client\TangyWeb_Client.csproj", "{9F899E23-1D5D-4EDA-862B-F50CBFA79E55}"
EndProject
Project("{9A19103F-16F7-4668-BE54-9A1E7A4F7556}") = "Tangy_Models", "Tangy_Models\Tangy_Models.csproj", "{574265AA-7B00-428B-916E-E044EDD864D7}"
EndProject
Project("{FAE04EC0-301F-11D3-BF4B-00C04F79EFBC}") = "Tangy_Business", "Tangy_Business\Tangy_Business.csproj", "{12D8287C-7F98-481C-8FBE-BB3F23571E2C}"
EndProject
Project("{FAE04EC0-301F-11D3-BF4B-00C04F79EFBC}") = "Tangy_Common", "Tangy_Common\Tangy_Common.csproj", "{088BCF0C-01E4-4B7F-9166-655213CEEA56}"
EndProject
Project("{FAE04EC0-301F-11D3-BF4B-00C04F79EFBC}") = "Tangy_DataAccess", "Tangy_DataAccess\Tangy_DataAccess.csproj", "{30018445-6961-4AD4-944D-4B5EF0D4F4A1}"
EndProject
Global
	GlobalSection(SolutionConfigurationPlatforms) = preSolution
		Debug|Any CPU = Debug|Any CPU
		Release|Any CPU = Release|Any CPU
	EndGlobalSection
	GlobalSection(ProjectConfigurationPlatforms) = postSolution
		{298822D9-8B90-4EBE-813F-E34BA19F350B}.Debug|Any CPU.ActiveCfg = Debug|Any CPU
		{298822D9-8B90-4EBE-813F-E34BA19F350B}.Debug|Any CPU.Build.0 = Debug|Any CPU
		{298822D9-8B90-4EBE-813F-E34BA19F350B}.Release|Any CPU.ActiveCfg = Release|Any CPU
		{298822D9-8B90-4EBE-813F-E34BA19F350B}.Release|Any CPU.Build.0 = Release|Any CPU
		{9F899E23-1D5D-4EDA-862B-F50CBFA79E55}.Debug|Any CPU.ActiveCfg = Debug|Any CPU
		{9F899E23-1D5D-4EDA-862B-F50CBFA79E55}.Debug|Any CPU.Build.0 = Debug|Any CPU
		{9F899E23-1D5D-4EDA-862B-F50CBFA79E55}.Release|Any CPU.ActiveCfg = Release|Any CPU
		{9F899E23-1D5D-4EDA-862B-F50CBFA79E55}.Release|Any CPU.Build.0 = Release|Any CPU
		{574265AA-7B00-428B-916E-E044EDD864D7}.Debug|Any CPU.ActiveCfg = Debug|Any CPU
		{574265AA-7B00-428B-916E-E044EDD864D7}.Debug|Any CPU.Build.0 = Debug|Any CPU
		{574265AA-7B00-428B-916E-E044EDD864D7}.Release|Any CPU.ActiveCfg = Release|Any CPU
		{574265AA-7B00-428B-916E-E044EDD864D7}.Release|Any CPU.Build.0 = Release|Any CPU
		{12D8287C-7F98-481C-8FBE-BB3F23571E2C}.Debug|Any CPU.ActiveCfg = Debug|Any CPU
		{12D8287C-7F98-481C-8FBE-BB3F23571E2C}.Debug|Any CPU.Build.0 = Debug|Any CPU
		{12D8287C-7F98-481C-8FBE-BB3F23571E2C}.Release|Any CPU.ActiveCfg = Release|Any CPU
		{12D8287C-7F98-481C-8FBE-BB3F23571E2C}.Release|Any CPU.Build.0 = Release|Any CPU
		{088BCF0C-01E4-4B7F-9166-655213CEEA56}.Debug|Any CPU.ActiveCfg = Debug|Any CPU
		{088BCF0C-01E4-4B7F-9166-655213CEEA56}.Debug|Any CPU.Build.0 = Debug|Any CPU
		{088BCF0C-01E4-4B7F-9166-655213CEEA56}.Release|Any CPU.ActiveCfg = Release|Any CPU
		{088BCF0C-01E4-4B7F-9166-655213CEEA56}.Release|Any CPU.Build.0 = Release|Any CPU
		{30018445-6961-4AD4-944D-4B5EF0D4F4A1}.Debug|Any CPU.ActiveCfg = Debug|Any CPU
		{30018445-6961-4AD4-944D-4B5EF0D4F4A1}.Debug|Any CPU.Build.0 = Debug|Any CPU
		{30018445-6961-4AD4-944D-4B5EF0D4F4A1}.Release|Any CPU.ActiveCfg = Release|Any CPU
		{30018445-6961-4AD4-944D-4B5EF0D4F4A1}.Release|Any CPU.Build.0 = Release|Any CPU
	EndGlobalSection
	GlobalSection(SolutionProperties) = preSolution
		HideSolutionNode = FALSE
	EndGlobalSection
	GlobalSection(ExtensibilityGlobals) = postSolution
		SolutionGuid = {4DB34CBE-EA2B-4437-BD35-5DC2ADFCFD0B}
	EndGlobalSection
EndGlobal
